
Microsoft Visual Studio Solution File, Format Version 12.00
# Visual Studio 14
VisualStudioVersion = 14.0.25420.1
MinimumVisualStudioVersion = 10.0.40219.1
Project("{FAE04EC0-301F-11D3-BF4B-00C04F79EFBC}") = "PlutoRover", "PlutoRover.csproj", "{20E64B00-6843-4878-91C2-E79C9FD842C6}"
EndProject
Project("{FAE04EC0-301F-11D3-BF4B-00C04F79EFBC}") = "RoverTest", "..\RoverTest\RoverTest.csproj", "{8444B4B0-E1C0-4D57-AD4D-D8EA8B963FC3}"
EndProject
Global
	GlobalSection(SolutionConfigurationPlatforms) = preSolution
		Debug|Any CPU = Debug|Any CPU
		Release|Any CPU = Release|Any CPU
	EndGlobalSection
	GlobalSection(ProjectConfigurationPlatforms) = postSolution
		{20E64B00-6843-4878-91C2-E79C9FD842C6}.Debug|Any CPU.ActiveCfg = Debug|Any CPU
		{20E64B00-6843-4878-91C2-E79C9FD842C6}.Debug|Any CPU.Build.0 = Debug|Any CPU
		{20E64B00-6843-4878-91C2-E79C9FD842C6}.Release|Any CPU.ActiveCfg = Release|Any CPU
		{20E64B00-6843-4878-91C2-E79C9FD842C6}.Release|Any CPU.Build.0 = Release|Any CPU
		{8444B4B0-E1C0-4D57-AD4D-D8EA8B963FC3}.Debug|Any CPU.ActiveCfg = Debug|Any CPU
		{8444B4B0-E1C0-4D57-AD4D-D8EA8B963FC3}.Debug|Any CPU.Build.0 = Debug|Any CPU
		{8444B4B0-E1C0-4D57-AD4D-D8EA8B963FC3}.Release|Any CPU.ActiveCfg = Release|Any CPU
		{8444B4B0-E1C0-4D57-AD4D-D8EA8B963FC3}.Release|Any CPU.Build.0 = Release|Any CPU
	EndGlobalSection
	GlobalSection(SolutionProperties) = preSolution
		HideSolutionNode = FALSE
	EndGlobalSection
EndGlobal
